PODS:
  - ExtensibleEnumeratedName (1.0.3)
  - WolfAnimation (1.2.1):
    - WolfConcurrency
    - WolfFoundation
    - WolfLog
  - WolfConcurrency (1.1.3):
    - WolfFoundation
    - WolfLog
    - WolfNumerics
  - WolfFoundation (2.2.0):
    - WolfNumerics
    - WolfPipe
  - WolfLog (1.0.2):
    - ExtensibleEnumeratedName
    - WolfNumerics
    - WolfStrings
  - WolfNumerics (3.0.0)
  - WolfOSBridge (1.1.0)
  - WolfPipe (1.1.0)
  - WolfStrings (1.2.2):
    - ExtensibleEnumeratedName
    - WolfNumerics
    - WolfOSBridge
    - WolfPipe
    - WolfWith
  - WolfWith (1.0.2)

DEPENDENCIES:
  - WolfAnimation (from `../`)

SPEC REPOS:
  https://github.com/cocoapods/specs.git:
    - ExtensibleEnumeratedName
    - WolfConcurrency
    - WolfFoundation
    - WolfLog
    - WolfNumerics
    - WolfOSBridge
    - WolfPipe
    - WolfStrings
    - WolfWith

EXTERNAL SOURCES:
  WolfAnimation:
    :path: "../"

SPEC CHECKSUMS:
  ExtensibleEnumeratedName: c6caeb662f79105e7229a613f9043e8a7e15e642
  WolfAnimation: ee7157133a9260dfd477f09ad16be014b05769bb
  WolfConcurrency: e2f17139a61ab6b26ea63e31f9c73ebe55295b18
  WolfFoundation: 03cfb3bd3e9ff51b853dbb9867bfe0e9b08321d9
  WolfLog: 6329a08de6c099ca6ccea857127d9df2f74dfea3
  WolfNumerics: 073642f01957a5602df21531e8b2fd31e8b92042
  WolfOSBridge: b44c359c659d4ac704602f3f18336ffedfbb5d6a
  WolfPipe: 5d5633fb37d8a524e326ad9cf24420f0971c8235
  WolfStrings: d41c50dbd472b31ee1e3f4ff3c74c7830e20d851
  WolfWith: 46dbfeaa023972bb82387740ca38c976bc65fbac

PODFILE CHECKSUM: 8b38bf1e548489c1be2dbb7db76c0b1cfd5cf5dc

COCOAPODS: 1.6.0.beta.2
